{"version":4,"terraform_version":"1.9.1","serial":20,"lineage":"4c314baa-a99c-ba50-3a6f-62bcbd5ec6fc","outputs":{},"resources":[{"mode":"managed","type":"google_compute_network","name":"blagenda_network","provider":"provider[\"registry.opentofu.org/hashicorp/google\"]","instances":[{"schema_version":0,"attributes":{"auto_create_subnetworks":false,"delete_default_routes_on_create":false,"description":"","gateway_ipv4":"","id":"projects/single-tide-464208-p6/global/networks/blagenda-network","mtu":0,"name":"blagenda-network","project":"single-tide-464208-p6","routing_mode":"REGIONAL","self_link":"https://www.googleapis.com/compute/v1/projects/single-tide-464208-p6/global/networks/blagenda-network","timeouts":null},"sensitive_attributes":[],"private":"eyJlMmJmYjczMC1lY2FhLTExZTYtOGY4OC0zNDM2M2JjN2M0YzAiOnsiY3JlYXRlIjoyNDAwMDAwMDAwMDAsImRlbGV0ZSI6MjQwMDAwMDAwMDAwLCJ1cGRhdGUiOjI0MDAwMDAwMDAwMH19"}]},{"mode":"managed","type":"google_compute_subnetwork","name":"blagenda_subnet","provider":"provider[\"registry.opentofu.org/hashicorp/google\"]","instances":[{"schema_version":0,"attributes":{"creation_timestamp":"2025-06-27T01:41:16.542-07:00","description":"","external_ipv6_prefix":"","fingerprint":null,"gateway_address":"10.0.0.1","id":"projects/single-tide-464208-p6/regions/europe-west9/subnetworks/blagenda-subnet","ip_cidr_range":"10.0.0.0/16","ipv6_access_type":"","ipv6_cidr_range":"","log_config":[],"name":"blagenda-subnet","network":"https://www.googleapis.com/compute/v1/projects/single-tide-464208-p6/global/networks/blagenda-network","private_ip_google_access":false,"private_ipv6_google_access":"DISABLE_GOOGLE_ACCESS","project":"single-tide-464208-p6","purpose":"PRIVATE","region":"europe-west9","role":"","secondary_ip_range":[],"self_link":"https://www.googleapis.com/compute/v1/projects/single-tide-464208-p6/regions/europe-west9/subnetworks/blagenda-subnet","stack_type":"IPV4_ONLY","timeouts":null},"sensitive_attributes":[],"private":"eyJlMmJmYjczMC1lY2FhLTExZTYtOGY4OC0zNDM2M2JjN2M0YzAiOnsiY3JlYXRlIjozNjAwMDAwMDAwMDAsImRlbGV0ZSI6MzYwMDAwMDAwMDAwLCJ1cGRhdGUiOjM2MDAwMDAwMDAwMH19","dependencies":["google_compute_network.blagenda_network"]}]},{"mode":"managed","type":"google_container_cluster","name":"blagenda_cluster","provider":"provider[\"registry.opentofu.org/hashicorp/google\"]","instances":[{"schema_version":1,"attributes":{"addons_config":[{"cloudrun_config":[],"horizontal_pod_autoscaling":[],"http_load_balancing":[{"disabled":false}],"network_policy_config":[{"disabled":true}]}],"authenticator_groups_config":[],"cluster_autoscaling":[{"auto_provisioning_defaults":[],"enabled":false,"resource_limits":[]}],"cluster_ipv4_cidr":"10.240.0.0/14","database_encryption":[{"key_name":"","state":"DECRYPTED"}],"datapath_provider":"","default_max_pods_per_node":110,"default_snat_status":[{"disabled":false}],"description":"","enable_autopilot":false,"enable_binary_authorization":false,"enable_intranode_visibility":false,"enable_kubernetes_alpha":false,"enable_legacy_abac":false,"enable_shielded_nodes":false,"enable_tpu":false,"endpoint":"34.155.234.105","id":"projects/single-tide-464208-p6/locations/europe-west9/clusters/blagenda","initial_node_count":1,"instance_group_urls":[],"ip_allocation_policy":[{"cluster_ipv4_cidr_block":"10.240.0.0/14","cluster_secondary_range_name":"gke-blagenda-pods-93fd4db1","services_ipv4_cidr_block":"34.118.224.0/20","services_secondary_range_name":""}],"label_fingerprint":"a9dc16a7","location":"europe-west9","logging_config":[{"enable_components":["SYSTEM_COMPONENTS","WORKLOADS"]}],"logging_service":"logging.googleapis.com/kubernetes","maintenance_policy":[],"master_auth":[{"client_certificate":"","client_certificate_config":[{"issue_client_certificate":false}],"client_key":"","cluster_ca_certificate":"LS0tLS1CRUdJTiBDRVJUSUZJQ0FURS0tLS0tCk1JSUVMVENDQXBXZ0F3SUJBZ0lSQU9XY3ZiZHdVTDlidmFaZjJzTzdxNW93RFFZSktvWklodmNOQVFFTEJRQXcKTHpFdE1Dc0dBMVVFQXhNa1pERmtZakF4Wm1JdFkyUmhaaTAwWW1JM0xUZzNNREF0WVRabVl6YzVPR1V3TnpGaQpNQ0FYRFRJMU1EWXpNREExTlRZeU9Gb1lEekl3TlRVd05qSXpNRFkxTmpJNFdqQXZNUzB3S3dZRFZRUURFeVJrCk1XUmlNREZtWWkxalpHRm1MVFJpWWpjdE9EY3dNQzFoTm1aak56azRaVEEzTVdJd2dnR2lNQTBHQ1NxR1NJYjMKRFFFQkFRVUFBNElCandBd2dnR0tBb0lCZ1FDWVUyUmNtQTV0dDJWWGlHY2VSUTRSb3ljRFpRaDZpaktXSlhlbgpmYlJTVXAzbjlkRkUzRUVUUkU1UkFCaGp5OHYyTytlZmkva1p1RENrc1lKNHoyT3puOFlTU0JiQnZJczI3aHZECjBGcnhqUGY3R1JtLys3WkNlVGtRdWdFVEZBYW5ab2RRM1ZramN3eDB0Y0kwK2VFK29rRkxCRDlRT3NEWFlkamEKSWlaSmtXRGpzcjNnTVdPMFVMVzYreksxQStFVkl0dzhhOFVtWDVBbXNVVjNJd2hublYyRWR5YUVES3VESFI5dgp6QnEyTldDNEFvYUg1VExjTGVQbFcrZjRiMURvRlEwQjNzNEx0NVI4U0xJcHUrZzlzZHpWd1BYMzdTczcra3NsCnRzclorQjFybVRYUFJpVDNWdlp4Z2prdkN1emZRWE1kcFdhOEFUazVsTUVabFFtRWRpM0Jtc1lxVHRVbk15SXIKNFEwdVZEa3FycHVwcDRGc1ZrMllXSFBHUEZqdzZQY2VWMjI4SjAwZWtPcDhRZFhCSUpVNyt5RjNpYU9Xb2lzTApoMHArendZNVdVQlI5d3E2SXJjUWpNa0xqUEswOWFxRGFtbnYydWFJMDF1SGExTlpLUjE5ZDhqZUFHdXRMeUh4CjNBTFpsZkEzbmRJTS9EZWkyZ3FWaXRnQU1NMENBd0VBQWFOQ01FQXdEZ1lEVlIwUEFRSC9CQVFEQWdJRU1BOEcKQTFVZEV3RUIvd1FGTUFNQkFmOHdIUVlEVlIwT0JCWUVGRDlvdDJLSTN1dGJSZW5IS3djbzJyQkIzRHk0TUEwRwpDU3FHU0liM0RRRUJDd1VBQTRJQmdRQWwrdUkzQkozc09PZ2Y4OFhTbXpJR0xsWkFzMklGMXExai9xRk01YmRtCmlGeVpJcmhlODI3Qzhta3QzVktRbTFwTktmdzhiQyt0eGhza3hDamZ5NVN1b2xLeHF3SzZZZnp5aXlQZjRRT0UKdmJyMWY0WGFtRmp0RGMyME1kcUdhWlovWTFWRHByOHkwNWRxM2pTeW9FdWtCWjZRUzBOYmNuNzRvVUVtdXZZcgpPV1ZpRFZUMU9xTUZ6UVRxZ3FYaGZZTDQ4MzRDZWtVeUk3VDZTUW1Nbi85YkhBejZXZTNHb080NFR4WmF4a1ViCllDckRsV3p0eE1xWWs0YUlueS9MdytMZnJmangxV2EwekQ1aEYyVVV6dW9hQmdkbzdaUmx1dlZiMktlaklOVFMKWWxLdDB0ZE9NemNXNnFFYUlZOHA1QlRNRVBBNjk3NnRudklzRFlBUVFOMllobUtoalJjZG9ZK1dIaTlHMlR0bgoyUHRIUmYwNDhtcmpzd29CZ2lrRzM5eDRxK2xMWU9LL1VUQjNyUmZUSFI5VFBHaTBkMUJaZHVRMUQ1enJMUjc2CkJsaW53UjNLSjF5d3BPOFFQMkFRemMva1F6dy9tbTRQS28rbURRYTFUU3FNeFdEbTVOaXdhVnQ0UG5mZzdXeUgKRm5KK2dwRFM5Z0pOOXJ2VnJlSFpuTWM9Ci0tLS0tRU5EIENFUlRJRklDQVRFLS0tLS0K","password":"","username":""}],"master_authorized_networks_config":[],"master_version":"1.32.4-gke.1415000","min_master_version":null,"monitoring_config":[{"enable_components":["SYSTEM_COMPONENTS","POD","DAEMONSET","DEPLOYMENT","STATEFULSET","JOBSET","STORAGE","HPA","CADVISOR","KUBELET","DCGM"]}],"monitoring_service":"monitoring.googleapis.com/kubernetes","name":"blagenda","network":"projects/single-tide-464208-p6/global/networks/blagenda-network","network_policy":[{"enabled":false,"provider":"PROVIDER_UNSPECIFIED"}],"networking_mode":"VPC_NATIVE","node_config":[],"node_locations":["europe-west9-c"],"node_pool":[],"node_version":"1.32.4-gke.1415000","operation":null,"pod_security_policy_config":[],"private_cluster_config":[{"enable_private_endpoint":false,"enable_private_nodes":false,"master_global_access_config":[{"enabled":false}],"master_ipv4_cidr_block":"","peering_name":"","private_endpoint":"10.0.0.11","public_endpoint":"34.155.234.105"}],"private_ipv6_google_access":"","project":"single-tide-464208-p6","release_channel":[{"channel":"REGULAR"}],"remove_default_node_pool":true,"resource_labels":null,"resource_usage_export_config":[],"self_link":"https://container.googleapis.com/v1beta1/projects/single-tide-464208-p6/locations/europe-west9/clusters/blagenda","services_ipv4_cidr":"34.118.224.0/20","subnetwork":"projects/single-tide-464208-p6/regions/europe-west9/subnetworks/blagenda-subnet","timeouts":null,"tpu_ipv4_cidr_block":"","vertical_pod_autoscaling":[],"workload_identity_config":[]},"sensitive_attributes":[],"private":"eyJlMmJmYjczMC1lY2FhLTExZTYtOGY4OC0zNDM2M2JjN2M0YzAiOnsiY3JlYXRlIjoyNDAwMDAwMDAwMDAwLCJkZWxldGUiOjI0MDAwMDAwMDAwMDAsInJlYWQiOjI0MDAwMDAwMDAwMDAsInVwZGF0ZSI6MzYwMDAwMDAwMDAwMH0sInNjaGVtYV92ZXJzaW9uIjoiMSJ9","dependencies":["google_compute_network.blagenda_network","google_compute_subnetwork.blagenda_subnet"]}]},{"mode":"managed","type":"google_container_node_pool","name":"app_pool","provider":"provider[\"registry.opentofu.org/hashicorp/google\"]","instances":[{"schema_version":1,"attributes":{"autoscaling":[{"max_node_count":2,"min_node_count":1}],"cluster":"blagenda","id":"projects/single-tide-464208-p6/locations/europe-west9/clusters/blagenda/nodePools/app-pool","initial_node_count":1,"instance_group_urls":["https://www.googleapis.com/compute/v1/projects/single-tide-464208-p6/zones/europe-west9-c/instanceGroupManagers/gke-blagenda-app-pool-055a4997-grp"],"location":"europe-west9","management":[{"auto_repair":true,"auto_upgrade":true}],"max_pods_per_node":110,"name":"app-pool","name_prefix":"","node_config":[{"disk_size_gb":100,"disk_type":"pd-balanced","guest_accelerator":[],"image_type":"COS_CONTAINERD","labels":{},"local_ssd_count":0,"machine_type":"e2-standard-2","metadata":{"disable-legacy-endpoints":"true"},"min_cpu_platform":"","oauth_scopes":["https://www.googleapis.com/auth/cloud-platform"],"preemptible":false,"service_account":"default","shielded_instance_config":[{"enable_integrity_monitoring":true,"enable_secure_boot":false}],"tags":["blagenda"],"taint":[],"workload_metadata_config":[]}],"node_count":1,"node_locations":["europe-west9-c"],"operation":null,"project":"single-tide-464208-p6","timeouts":null,"upgrade_settings":[{"max_surge":1,"max_unavailable":0}],"version":"1.32.4-gke.1415000"},"sensitive_attributes":[],"private":"eyJlMmJmYjczMC1lY2FhLTExZTYtOGY4OC0zNDM2M2JjN2M0YzAiOnsiY3JlYXRlIjoxODAwMDAwMDAwMDAwLCJkZWxldGUiOjE4MDAwMDAwMDAwMDAsInVwZGF0ZSI6MTgwMDAwMDAwMDAwMH0sInNjaGVtYV92ZXJzaW9uIjoiMSJ9","dependencies":["google_compute_network.blagenda_network","google_compute_subnetwork.blagenda_subnet","google_container_cluster.blagenda_cluster"]}]},{"mode":"managed","type":"google_container_node_pool","name":"builder_pool","provider":"provider[\"registry.opentofu.org/hashicorp/google\"]","instances":[{"schema_version":1,"attributes":{"autoscaling":[{"max_node_count":2,"min_node_count":1}],"cluster":"blagenda","id":"projects/single-tide-464208-p6/locations/europe-west9/clusters/blagenda/nodePools/builder-pool","initial_node_count":1,"instance_group_urls":["https://www.googleapis.com/compute/v1/projects/single-tide-464208-p6/zones/europe-west9-c/instanceGroupManagers/gke-blagenda-builder-pool-2a91c0f0-grp"],"location":"europe-west9","management":[{"auto_repair":true,"auto_upgrade":true}],"max_pods_per_node":110,"name":"builder-pool","name_prefix":"","node_config":[{"disk_size_gb":100,"disk_type":"pd-balanced","guest_accelerator":[],"image_type":"COS_CONTAINERD","labels":{},"local_ssd_count":0,"machine_type":"e2-standard-2","metadata":{"disable-legacy-endpoints":"true"},"min_cpu_platform":"","oauth_scopes":["https://www.googleapis.com/auth/cloud-platform"],"preemptible":false,"service_account":"default","shielded_instance_config":[{"enable_integrity_monitoring":true,"enable_secure_boot":false}],"tags":["blagenda-builder"],"taint":[],"workload_metadata_config":[]}],"node_count":1,"node_locations":["europe-west9-c"],"operation":null,"project":"single-tide-464208-p6","timeouts":null,"upgrade_settings":[{"max_surge":1,"max_unavailable":0}],"version":"1.32.4-gke.1415000"},"sensitive_attributes":[],"private":"eyJlMmJmYjczMC1lY2FhLTExZTYtOGY4OC0zNDM2M2JjN2M0YzAiOnsiY3JlYXRlIjoxODAwMDAwMDAwMDAwLCJkZWxldGUiOjE4MDAwMDAwMDAwMDAsInVwZGF0ZSI6MTgwMDAwMDAwMDAwMH0sInNjaGVtYV92ZXJzaW9uIjoiMSJ9","dependencies":["google_compute_network.blagenda_network","google_compute_subnetwork.blagenda_subnet","google_container_cluster.blagenda_cluster"]}]},{"mode":"managed","type":"google_project_service","name":"required_apis","provider":"provider[\"registry.opentofu.org/hashicorp/google\"]","instances":[{"index_key":"compute.googleapis.com","schema_version":0,"attributes":{"disable_dependent_services":null,"disable_on_destroy":true,"id":"single-tide-464208-p6/compute.googleapis.com","project":"single-tide-464208-p6","service":"compute.googleapis.com","timeouts":null},"sensitive_attributes":[[{"type":"get_attr","value":"project"}]],"private":"eyJlMmJmYjczMC1lY2FhLTExZTYtOGY4OC0zNDM2M2JjN2M0YzAiOnsiY3JlYXRlIjoxMjAwMDAwMDAwMDAwLCJkZWxldGUiOjEyMDAwMDAwMDAwMDAsInJlYWQiOjYwMDAwMDAwMDAwMCwidXBkYXRlIjoxMjAwMDAwMDAwMDAwfX0="},{"index_key":"container.googleapis.com","schema_version":0,"attributes":{"disable_dependent_services":null,"disable_on_destroy":true,"id":"single-tide-464208-p6/container.googleapis.com","project":"single-tide-464208-p6","service":"container.googleapis.com","timeouts":null},"sensitive_attributes":[[{"type":"get_attr","value":"project"}]],"private":"eyJlMmJmYjczMC1lY2FhLTExZTYtOGY4OC0zNDM2M2JjN2M0YzAiOnsiY3JlYXRlIjoxMjAwMDAwMDAwMDAwLCJkZWxldGUiOjEyMDAwMDAwMDAwMDAsInJlYWQiOjYwMDAwMDAwMDAwMCwidXBkYXRlIjoxMjAwMDAwMDAwMDAwfX0="},{"index_key":"storage.googleapis.com","schema_version":0,"attributes":{"disable_dependent_services":null,"disable_on_destroy":true,"id":"single-tide-464208-p6/storage.googleapis.com","project":"single-tide-464208-p6","service":"storage.googleapis.com","timeouts":null},"sensitive_attributes":[[{"type":"get_attr","value":"project"}]],"private":"eyJlMmJmYjczMC1lY2FhLTExZTYtOGY4OC0zNDM2M2JjN2M0YzAiOnsiY3JlYXRlIjoxMjAwMDAwMDAwMDAwLCJkZWxldGUiOjEyMDAwMDAwMDAwMDAsInJlYWQiOjYwMDAwMDAwMDAwMCwidXBkYXRlIjoxMjAwMDAwMDAwMDAwfX0="}]},{"mode":"managed","type":"google_storage_bucket","name":"blagenda_bucket","provider":"provider[\"registry.opentofu.org/hashicorp/google\"]","instances":[{"schema_version":0,"attributes":{"bucket_policy_only":true,"cors":[],"default_event_based_hold":false,"encryption":[],"force_destroy":true,"id":"blagenda-bucket-single-tide-464208-p6","labels":{},"lifecycle_rule":[],"location":"EUROPE-WEST9","logging":[],"name":"blagenda-bucket-single-tide-464208-p6","project":"single-tide-464208-p6","requester_pays":false,"retention_policy":[],"self_link":"https://www.googleapis.com/storage/v1/b/blagenda-bucket-single-tide-464208-p6","storage_class":"STANDARD","uniform_bucket_level_access":true,"url":"gs://blagenda-bucket-single-tide-464208-p6","versioning":[],"website":[]},"sensitive_attributes":[[{"type":"get_attr","value":"name"}]],"private":"bnVsbA=="}]}],"check_results":null}
