{"version":4,"terraform_version":"1.9.1","serial":17,"lineage":"4c314baa-a99c-ba50-3a6f-62bcbd5ec6fc","outputs":{},"resources":[{"mode":"managed","type":"google_compute_network","name":"blagenda_network","provider":"provider[\"registry.opentofu.org/hashicorp/google\"]","instances":[{"schema_version":0,"attributes":{"auto_create_subnetworks":false,"delete_default_routes_on_create":false,"description":"","gateway_ipv4":"","id":"projects/single-tide-464208-p6/global/networks/blagenda-network","mtu":0,"name":"blagenda-network","project":"single-tide-464208-p6","routing_mode":"REGIONAL","self_link":"https://www.googleapis.com/compute/v1/projects/single-tide-464208-p6/global/networks/blagenda-network","timeouts":null},"sensitive_attributes":[],"private":"eyJlMmJmYjczMC1lY2FhLTExZTYtOGY4OC0zNDM2M2JjN2M0YzAiOnsiY3JlYXRlIjoyNDAwMDAwMDAwMDAsImRlbGV0ZSI6MjQwMDAwMDAwMDAwLCJ1cGRhdGUiOjI0MDAwMDAwMDAwMH19"}]},{"mode":"managed","type":"google_compute_subnetwork","name":"blagenda_subnet","provider":"provider[\"registry.opentofu.org/hashicorp/google\"]","instances":[{"schema_version":0,"attributes":{"creation_timestamp":"2025-06-27T01:41:16.542-07:00","description":"","external_ipv6_prefix":"","fingerprint":null,"gateway_address":"10.0.0.1","id":"projects/single-tide-464208-p6/regions/europe-west9/subnetworks/blagenda-subnet","ip_cidr_range":"10.0.0.0/16","ipv6_access_type":"","ipv6_cidr_range":"","log_config":[],"name":"blagenda-subnet","network":"https://www.googleapis.com/compute/v1/projects/single-tide-464208-p6/global/networks/blagenda-network","private_ip_google_access":false,"private_ipv6_google_access":"DISABLE_GOOGLE_ACCESS","project":"single-tide-464208-p6","purpose":"PRIVATE","region":"europe-west9","role":"","secondary_ip_range":[{"ip_cidr_range":"10.80.0.0/14","range_name":"gke-blagenda-pods-36b3233c"}],"self_link":"https://www.googleapis.com/compute/v1/projects/single-tide-464208-p6/regions/europe-west9/subnetworks/blagenda-subnet","stack_type":"IPV4_ONLY","timeouts":null},"sensitive_attributes":[],"private":"eyJlMmJmYjczMC1lY2FhLTExZTYtOGY4OC0zNDM2M2JjN2M0YzAiOnsiY3JlYXRlIjozNjAwMDAwMDAwMDAsImRlbGV0ZSI6MzYwMDAwMDAwMDAwLCJ1cGRhdGUiOjM2MDAwMDAwMDAwMH19","dependencies":["google_compute_network.blagenda_network"]}]},{"mode":"managed","type":"google_container_cluster","name":"blagenda_cluster","provider":"provider[\"registry.opentofu.org/hashicorp/google\"]","instances":[{"schema_version":1,"attributes":{"addons_config":[{"cloudrun_config":[],"horizontal_pod_autoscaling":[],"http_load_balancing":[{"disabled":false}],"network_policy_config":[{"disabled":true}]}],"authenticator_groups_config":[],"cluster_autoscaling":[{"auto_provisioning_defaults":[],"enabled":false,"resource_limits":[]}],"cluster_ipv4_cidr":"10.80.0.0/14","database_encryption":[{"key_name":"","state":"DECRYPTED"}],"datapath_provider":"","default_max_pods_per_node":110,"default_snat_status":[{"disabled":false}],"description":"","enable_autopilot":false,"enable_binary_authorization":false,"enable_intranode_visibility":false,"enable_kubernetes_alpha":false,"enable_legacy_abac":false,"enable_shielded_nodes":false,"enable_tpu":false,"endpoint":"34.155.234.105","id":"projects/single-tide-464208-p6/locations/europe-west9/clusters/blagenda","initial_node_count":1,"instance_group_urls":[],"ip_allocation_policy":[{"cluster_ipv4_cidr_block":"10.80.0.0/14","cluster_secondary_range_name":"gke-blagenda-pods-36b3233c","services_ipv4_cidr_block":"34.118.224.0/20","services_secondary_range_name":""}],"label_fingerprint":"a9dc16a7","location":"europe-west9","logging_config":[{"enable_components":["SYSTEM_COMPONENTS","WORKLOADS"]}],"logging_service":"logging.googleapis.com/kubernetes","maintenance_policy":[],"master_auth":[{"client_certificate":"","client_certificate_config":[{"issue_client_certificate":false}],"client_key":"","cluster_ca_certificate":"LS0tLS1CRUdJTiBDRVJUSUZJQ0FURS0tLS0tCk1JSUVMRENDQXBTZ0F3SUJBZ0lRRU0rS3RFdkhQeWNIYk4wWjBhcXFaakFOQmdrcWhraUc5dzBCQVFzRkFEQXYKTVMwd0t3WURWUVFERXlRd056Um1ORGxqTUMxak1UZzNMVFF3T0RrdFlUaGlOQzB6TTJabU9UVTNPR0kwWVRBdwpJQmNOTWpVd05qSTNNRGMwTVRRMFdoZ1BNakExTlRBMk1qQXdPRFF4TkRSYU1DOHhMVEFyQmdOVkJBTVRKREEzCk5HWTBPV013TFdNeE9EY3ROREE0T1MxaE9HSTBMVE16Wm1ZNU5UYzRZalJoTURDQ0FhSXdEUVlKS29aSWh2Y04KQVFFQkJRQURnZ0dQQURDQ0FZb0NnZ0dCQUxzNURIQ3FDL25MSVQ3WDlvWUdxSG1VRjFHSEhIMzgzWlhWOVRNYgpmNmpFdllXQ3BoRVFXYkhLblAwUHVmcE5lbmtQZkYvbDlXcjFoVjQyUTJpOG1RL1dlalVCMWxMV29KeFp5enlxCnV3NEpQRTd1S3BMZ2hIODBsTmFXSzM5OEJ6NThuSExoa2Y0anlPWUFlUEdkUXZkRVNyNkg4bmwzTG4wajkwbmEKWnNDQjJNandxdEFaWlJQRGxjNThLWXpVKzlnblR2cmJLREJKam04N3YzTlE1LzAybjBHTGE5SnhISWhyeGh2eAowdHBQKzNWaFFRV0pMSGFBN0dNWFZ1MDJpR042OVIrOUhSYzNPekpCdHNOVUxwYVlqekZJazNUeFRxcE84MWpYCk1mYVVQclpkdlliTmx0WjErQit5ZnRsY2FsK0hoVXBvYWVCblRFMEN2NWExb0NJNjVDeDNxeTdJa0xUUUY5TXAKeHBaQUxSbm8xb05sTzFFYk80WlZGYmNOY1NiUUZzWkVJRHhud3psaFNBUHNYZXAwMmJ0cHQ5anVkSVNzMjVLbApqVlZ6Z3BaOU12Q1dseURHc0xqYXZ2OVBBYU9UUEkyOXBNc1FqTDVRVWFNaEFtclpyTkM4RVRzdDRsamFhWFZOCnRjS29LazRJbTArQzR4RnVEVFYzQnhaN3N3SURBUUFCbzBJd1FEQU9CZ05WSFE4QkFmOEVCQU1DQWdRd0R3WUQKVlIwVEFRSC9CQVV3QXdFQi96QWRCZ05WSFE0RUZnUVUzL0hKdDZEUytYSlJHMXZuRWcveFVkaWFQOWd3RFFZSgpLb1pJaHZjTkFRRUxCUUFEZ2dHQkFJZVFDUW1tdGk2TFltL2ZyTE0yS2lhVUl4eHNlb2JLbDFWbGc4dE1WMmV2CkkyTysyN2dDbytWNTJiZHZ0VCtOYmRpVy96SVF4MEo3QzNSNENaS3NzbnIveUVDTDFnaUhOaEorOFUwZ2NiN3UKWk1HN1Flb24zNm9HcHYrOFhUVCsza2ZzaTVRU3dOMXRMbWEyZkJVb2FYQjhxUFBQVXpaNnFxL0xRNSttdmVUOQpWbnVCN1hXMHg0RDdCSmZoSW85Z2JkSkdPM1hmbXFsSXh1YVp1NWQrZnZmaVpRSHFaZ24wTTdtbzZPZVg5WkJmCnJveW1WVE82Q3Y1bXdTMEo5YjdyOWJHZFJmNXRoQTRSMDVFakRJejZ0V3RkWklkeW80NUJETjJLQmFPQ0I5ejIKcHpCYjNwWkxBdHF1MkplUThmdjZIR2MyREFBSXFhcDRXV3p1VHlxQVNVQzg1MlN5REZGUVdQYnd6VTJEMzAzSwpHVDJnK0VRRExrN0RvekJVK3FHdnV3OFlQZ2N4L0JxN2RBSTlDb2JORmpBT2pobzVpK3lUcGlzSEFxSFhzd1JRCnhod2xUbjZubnIxTGxxODE1eDRhdnQrK2lUaHpMYXkxZm8yS3kwbUR3R000Y29rOXFQekZEWkozbDRqZ2cxZ1MKeWowMWVSaDlKcUlqS242ajM4K2xkdz09Ci0tLS0tRU5EIENFUlRJRklDQVRFLS0tLS0K","password":"","username":""}],"master_authorized_networks_config":[],"master_version":"1.32.4-gke.1415000","min_master_version":null,"monitoring_config":[{"enable_components":["SYSTEM_COMPONENTS","DAEMONSET","DEPLOYMENT","STATEFULSET","JOBSET","STORAGE","HPA","POD","CADVISOR","KUBELET","DCGM"]}],"monitoring_service":"monitoring.googleapis.com/kubernetes","name":"blagenda","network":"projects/single-tide-464208-p6/global/networks/blagenda-network","network_policy":[{"enabled":false,"provider":"PROVIDER_UNSPECIFIED"}],"networking_mode":"VPC_NATIVE","node_config":[],"node_locations":["europe-west9-c"],"node_pool":[],"node_version":"1.32.4-gke.1415000","operation":null,"pod_security_policy_config":[],"private_cluster_config":[{"enable_private_endpoint":false,"enable_private_nodes":false,"master_global_access_config":[{"enabled":false}],"master_ipv4_cidr_block":"","peering_name":"","private_endpoint":"10.0.0.2","public_endpoint":"34.155.234.105"}],"private_ipv6_google_access":"","project":"single-tide-464208-p6","release_channel":[{"channel":"REGULAR"}],"remove_default_node_pool":true,"resource_labels":{},"resource_usage_export_config":[],"self_link":"https://container.googleapis.com/v1beta1/projects/single-tide-464208-p6/locations/europe-west9/clusters/blagenda","services_ipv4_cidr":"34.118.224.0/20","subnetwork":"projects/single-tide-464208-p6/regions/europe-west9/subnetworks/blagenda-subnet","timeouts":null,"tpu_ipv4_cidr_block":"","vertical_pod_autoscaling":[],"workload_identity_config":[]},"sensitive_attributes":[[{"type":"get_attr","value":"master_auth"},{"type":"index","value":{"value":0,"type":"number"}},{"type":"get_attr","value":"client_key"}],[{"type":"get_attr","value":"master_auth"},{"type":"index","value":{"value":0,"type":"number"}},{"type":"get_attr","value":"password"}]],"private":"eyJlMmJmYjczMC1lY2FhLTExZTYtOGY4OC0zNDM2M2JjN2M0YzAiOnsiY3JlYXRlIjoyNDAwMDAwMDAwMDAwLCJkZWxldGUiOjI0MDAwMDAwMDAwMDAsInJlYWQiOjI0MDAwMDAwMDAwMDAsInVwZGF0ZSI6MzYwMDAwMDAwMDAwMH0sInNjaGVtYV92ZXJzaW9uIjoiMSJ9","dependencies":["google_compute_network.blagenda_network","google_compute_subnetwork.blagenda_subnet"]}]},{"mode":"managed","type":"google_container_node_pool","name":"app_pool","provider":"provider[\"registry.opentofu.org/hashicorp/google\"]","instances":[{"status":"tainted","schema_version":1,"attributes":{"autoscaling":[{"max_node_count":2,"min_node_count":1}],"cluster":"blagenda","id":"projects/single-tide-464208-p6/locations/europe-west9/clusters/blagenda/nodePools/app-pool","initial_node_count":null,"instance_group_urls":null,"location":"europe-west9","management":null,"max_pods_per_node":null,"name":"app-pool","name_prefix":null,"node_config":[{"disk_size_gb":0,"disk_type":"","guest_accelerator":[],"image_type":"","labels":{},"local_ssd_count":0,"machine_type":"e2-standard-2","metadata":{"disable-legacy-endpoints":"true"},"min_cpu_platform":"","oauth_scopes":["https://www.googleapis.com/auth/cloud-platform"],"preemptible":false,"service_account":"","shielded_instance_config":[],"tags":["blagenda"],"taint":[],"workload_metadata_config":[]}],"node_count":1,"node_locations":["europe-west9-c"],"operation":null,"project":null,"timeouts":null,"upgrade_settings":null,"version":null},"sensitive_attributes":[],"private":"eyJlMmJmYjczMC1lY2FhLTExZTYtOGY4OC0zNDM2M2JjN2M0YzAiOnsiY3JlYXRlIjoxODAwMDAwMDAwMDAwLCJkZWxldGUiOjE4MDAwMDAwMDAwMDAsInVwZGF0ZSI6MTgwMDAwMDAwMDAwMH0sInNjaGVtYV92ZXJzaW9uIjoiMSJ9","dependencies":["google_compute_network.blagenda_network","google_compute_subnetwork.blagenda_subnet","google_container_cluster.blagenda_cluster"]}]},{"mode":"managed","type":"google_container_node_pool","name":"builder_pool","provider":"provider[\"registry.opentofu.org/hashicorp/google\"]","instances":[{"status":"tainted","schema_version":1,"attributes":{"autoscaling":[{"max_node_count":2,"min_node_count":1}],"cluster":"blagenda","id":"projects/single-tide-464208-p6/locations/europe-west9/clusters/blagenda/nodePools/builder-pool","initial_node_count":null,"instance_group_urls":null,"location":"europe-west9","management":null,"max_pods_per_node":null,"name":"builder-pool","name_prefix":null,"node_config":[{"disk_size_gb":0,"disk_type":"","guest_accelerator":[],"image_type":"","labels":{},"local_ssd_count":0,"machine_type":"e2-standard-2","metadata":{"disable-legacy-endpoints":"true"},"min_cpu_platform":"","oauth_scopes":["https://www.googleapis.com/auth/cloud-platform"],"preemptible":false,"service_account":"","shielded_instance_config":[],"tags":["blagenda-builder"],"taint":[],"workload_metadata_config":[]}],"node_count":1,"node_locations":["europe-west9-c"],"operation":null,"project":null,"timeouts":null,"upgrade_settings":null,"version":null},"sensitive_attributes":[],"private":"eyJlMmJmYjczMC1lY2FhLTExZTYtOGY4OC0zNDM2M2JjN2M0YzAiOnsiY3JlYXRlIjoxODAwMDAwMDAwMDAwLCJkZWxldGUiOjE4MDAwMDAwMDAwMDAsInVwZGF0ZSI6MTgwMDAwMDAwMDAwMH0sInNjaGVtYV92ZXJzaW9uIjoiMSJ9","dependencies":["google_compute_network.blagenda_network","google_compute_subnetwork.blagenda_subnet","google_container_cluster.blagenda_cluster"]}]},{"mode":"managed","type":"google_project_service","name":"required_apis","provider":"provider[\"registry.opentofu.org/hashicorp/google\"]","instances":[{"index_key":"compute.googleapis.com","schema_version":0,"attributes":{"disable_dependent_services":null,"disable_on_destroy":true,"id":"single-tide-464208-p6/compute.googleapis.com","project":"single-tide-464208-p6","service":"compute.googleapis.com","timeouts":null},"sensitive_attributes":[[{"type":"get_attr","value":"project"}]],"private":"eyJlMmJmYjczMC1lY2FhLTExZTYtOGY4OC0zNDM2M2JjN2M0YzAiOnsiY3JlYXRlIjoxMjAwMDAwMDAwMDAwLCJkZWxldGUiOjEyMDAwMDAwMDAwMDAsInJlYWQiOjYwMDAwMDAwMDAwMCwidXBkYXRlIjoxMjAwMDAwMDAwMDAwfX0="},{"index_key":"container.googleapis.com","schema_version":0,"attributes":{"disable_dependent_services":null,"disable_on_destroy":true,"id":"single-tide-464208-p6/container.googleapis.com","project":"single-tide-464208-p6","service":"container.googleapis.com","timeouts":null},"sensitive_attributes":[[{"type":"get_attr","value":"project"}]],"private":"eyJlMmJmYjczMC1lY2FhLTExZTYtOGY4OC0zNDM2M2JjN2M0YzAiOnsiY3JlYXRlIjoxMjAwMDAwMDAwMDAwLCJkZWxldGUiOjEyMDAwMDAwMDAwMDAsInJlYWQiOjYwMDAwMDAwMDAwMCwidXBkYXRlIjoxMjAwMDAwMDAwMDAwfX0="},{"index_key":"storage.googleapis.com","schema_version":0,"attributes":{"disable_dependent_services":null,"disable_on_destroy":true,"id":"single-tide-464208-p6/storage.googleapis.com","project":"single-tide-464208-p6","service":"storage.googleapis.com","timeouts":null},"sensitive_attributes":[[{"type":"get_attr","value":"project"}]],"private":"eyJlMmJmYjczMC1lY2FhLTExZTYtOGY4OC0zNDM2M2JjN2M0YzAiOnsiY3JlYXRlIjoxMjAwMDAwMDAwMDAwLCJkZWxldGUiOjEyMDAwMDAwMDAwMDAsInJlYWQiOjYwMDAwMDAwMDAwMCwidXBkYXRlIjoxMjAwMDAwMDAwMDAwfX0="}]},{"mode":"managed","type":"google_storage_bucket","name":"blagenda_bucket","provider":"provider[\"registry.opentofu.org/hashicorp/google\"]","instances":[{"schema_version":0,"attributes":{"bucket_policy_only":true,"cors":[],"default_event_based_hold":false,"encryption":[],"force_destroy":true,"id":"blagenda-bucket-single-tide-464208-p6","labels":null,"lifecycle_rule":[],"location":"EUROPE-WEST9","logging":[],"name":"blagenda-bucket-single-tide-464208-p6","project":"single-tide-464208-p6","requester_pays":false,"retention_policy":[],"self_link":"https://www.googleapis.com/storage/v1/b/blagenda-bucket-single-tide-464208-p6","storage_class":"STANDARD","uniform_bucket_level_access":true,"url":"gs://blagenda-bucket-single-tide-464208-p6","versioning":[],"website":[]},"sensitive_attributes":[[{"type":"get_attr","value":"name"}]],"private":"bnVsbA=="}]}],"check_results":null}
